{
    "_meta": {
        "hash": {
            "sha256": "f1f7daa5f41701d0f76f66026c51a9fe5d886af94d22be3876f7623223497ba8"
        },
        "pipfile-spec": 6,
        "requires": {
            "python_version": "3.8"
        },
        "sources": [
            {
                "name": "pypi",
                "url": "https://pypi.org/simple",
                "verify_ssl": true
            }
        ]
    },
    "default": {
        "aniso8601": {
            "hashes": [
                "sha256:513d2b6637b7853806ae79ffaca6f3e8754bdd547048f5ccc1420aec4b714f1e",
                "sha256:d10a4bf949f619f719b227ef5386e31f49a2b6d453004b21f02661ccc8670c7b"
            ],
            "version": "==7.0.0"
        },
        "asgiref": {
            "hashes": [
                "sha256:5ee950735509d04eb673bd7f7120f8fa1c9e2df495394992c73234d526907e17",
                "sha256:7162a3cb30ab0609f1a4c95938fd73e8604f63bdba516a7f7d64b83ff09478f0"
            ],
            "markers": "python_version >= '3.5'",
            "version": "==3.3.1"
        },
        "django": {
            "hashes": [
                "sha256:642d8eceab321ca743ae71e0f985ff8fdca59f07aab3a9fb362c617d23e33a76",
                "sha256:d4666c2edefa38c5ede0ec1655424c56dc47ceb04b6d8d62a7eac09db89545c1"
            ],
            "index": "pypi",
            "version": "==3.0.5"
        },
        "django-cors-headers": {
            "hashes": [
                "sha256:9322255c296d5f75089571f29e520c83ff9693df17aa3cf9f6a4bea7c6740169",
                "sha256:db82b2840f667d47872ae3e4a4e0a0d72fbecb42779b8aa233fa8bb965f7836a"
            ],
            "index": "pypi",
            "version": "==3.5.0"
        },
        "django-filter": {
            "hashes": [
                "sha256:84e9d5bb93f237e451db814ed422a3a625751cbc9968b484ecc74964a8696b06",
                "sha256:e00d32cebdb3d54273c48f4f878f898dced8d5dfaad009438fe61ebdf535ace1"
            ],
            "index": "pypi",
            "version": "==2.4.0"
        },
        "djangorestframework": {
            "hashes": [
                "sha256:0209bafcb7b5010fdfec784034f059d512256424de2a0f084cb82b096d6dd6a7"
            ],
            "markers": "python_version >= '3.5'",
            "version": "==3.12.2"
        },
        "djongo": {
            "hashes": [
                "sha256:5a9afcbfa32439d8e254f435cd1e3dd0c34e1690fc3aa8a1138267605ea4e329"
            ],
            "index": "pypi",
            "version": "==1.3.3"
        },
        "dnspython": {
            "hashes": [
                "sha256:044af09374469c3a39eeea1a146e8cac27daec951f1f1f157b1962fc7cb9d1b7",
                "sha256:40bb3c24b9d4ec12500f0124288a65df232a3aa749bb0c39734b782873a2544d"
            ],
            "index": "pypi",
            "version": "==2.0.0"
        },
        "graphene": {
            "hashes": [
                "sha256:09165f03e1591b76bf57b133482db9be6dac72c74b0a628d3c93182af9c5a896",
                "sha256:2cbe6d4ef15cfc7b7805e0760a0e5b80747161ce1b0f990dfdc0d2cf497c12f9"
            ],
            "version": "==2.1.8"
        },
        "graphene-django": {
            "hashes": [
                "sha256:0e33cdec0774284175c387c2af1e0ef4eb0f4e10a56a3a1b2d39bc3a74d9a538",
                "sha256:8a4efc7bf954ba0b5a28d3cdb090b36941aca6b83d211e3cd3ab29cf53ac6154"
            ],
            "index": "pypi",
            "version": "==2.13.0"
        },
        "graphene-django-extras": {
            "hashes": [
                "sha256:db6d6a5d16dd3eb9acf68c0b8a5418536df73c6a211fbe40ec09d1271787cdfc",
                "sha256:e13d750946de71a9fdae87b07d224be9d3a6cd51711c50180dbb74119ef71fb0"
            ],
            "index": "pypi",
            "version": "==0.4.9"
        },
        "graphql-core": {
            "hashes": [
                "sha256:44c9bac4514e5e30c5a595fac8e3c76c1975cae14db215e8174c7fe995825bad",
                "sha256:aac46a9ac524c9855910c14c48fc5d60474def7f99fd10245e76608eba7af746"
            ],
            "version": "==2.3.2"
        },
        "graphql-relay": {
            "hashes": [
                "sha256:870b6b5304123a38a0b215a79eace021acce5a466bf40cd39fa18cb8528afabb",
                "sha256:ac514cb86db9a43014d7e73511d521137ac12cf0101b2eaa5f0a3da2e10d913d"
            ],
            "version": "==2.0.1"
        },
        "promise": {
            "hashes": [
                "sha256:dfd18337c523ba4b6a58801c164c1904a9d4d1b1747c7d5dbf45b693a49d93d0"
            ],
            "version": "==2.3"
        },
        "pymongo": {
            "hashes": [
                "sha256:00f6c32f86a5bd1cbefcc0a27ea06565628de3bb2e6786d3f0dce0330e70c958",
                "sha256:016e8162b57e2a45cb8d2356f39795ccff2ee65fd79fe078de4f9aa78ef1994b",
                "sha256:078e74cffb4955a454dd0955c3fa38327185a41447ac4e368f81c2f0c07e6559",
                "sha256:079a30c21d3c334ee65581a8cac5380e94521970423996c5b18a7c550230d94c",
                "sha256:0b5aa85a04efcf22c176de25e3fce675510d7700f523728fa9485d576db41358",
                "sha256:0dd8c0367639cd5cf84be91af6b733076119745aea6e53fdf9e581819d911eac",
                "sha256:1529b23a51ef8613712b3e19225690564955250932d58487af6c060413ce0f1f",
                "sha256:17a3b2148b9e0914dc5f0d6a5c636f81dc4b428b80ea45576f79cfe619844c6d",
                "sha256:1f5fabe75c9b7eb5a42dac9717f952a879ab3705bcf7e9ef744cdbdfd37bcf3d",
                "sha256:220216da1d4fb10f941ff5e408f2958896fe534283bb3b1c1c17d4b0ac5d8b45",
                "sha256:251acfa87e07e47044ed7f6157fc63a95020bb4ee9d705fb2faf3b67e6a3574e",
                "sha256:2542b21b08dc30bf0a69de55a42225f25b0af0dea7852edf2011952abb50e7b4",
                "sha256:2bcbde25342fa0991b0c144c8eafadc77e605e7940bf462922f6d550f88d6777",
                "sha256:2c0b0d201182bfbbfb2c679af3118ca53926a31d8c0c21e9b7943f8264ec0052",
                "sha256:319f1b5a8373e280026905093aaacf4cca858a9ae653e456b9f9f9ad5f308088",
                "sha256:342248b25c193ab20e1145989455d614d4d553334576a72be600ee371fa5de41",
                "sha256:3b8076ff801dca0920f1b5c76a0e062dc26bb76de7e79efcf347c3a5ff776127",
                "sha256:3cf7726216a8792d147ba44433fddc19ed149531fb23899ce82d24a0a90ec2fd",
                "sha256:4266ebb14bed0206c73e2f626949679c23a6f935ea4b60529d7c3551f2f3051a",
                "sha256:4cc8cf971ee53ad65e53b80a6f611070dbe55640b447ae9b2b98329aebd21155",
                "sha256:4da19b5c555cf1d8b8a0b980d9c97b1b0f27e05bcf278bf64cc6c30b697a59f9",
                "sha256:4f0023db6168f052ffeec435ca0608ffe8abac17a36b8084bdc348c978e08a23",
                "sha256:5012342f457a544818254a89f7e7a4ecd05c4eaa89ed68ae58727039c92ff0f7",
                "sha256:56bbbccf22fd91ae88b2dffe56dceb84d80fa808065e6bcbedb86ec7e0f84b3b",
                "sha256:5a07a9983e0bc51ad61a16c228d1b60d1f98f7df5f225f435b41f8921d335e06",
                "sha256:5a88fad3dcfaa222383ceb53af9a030a841ad998636648a748d79515c8afb6b4",
                "sha256:5fc04e445e58103bfddb601822ab355ffb8fb760142593e2b0f20c3940859352",
                "sha256:613d30623bd1f9418d5a6999f73066b01831bf7c7789bc3fe2bf44b5fe5dc67d",
                "sha256:6e7b2b589a600f467e9159df907638c2d08aca46b0f74d88ceeaa185abd9069b",
                "sha256:74b6e8e240e53518a701f4cd56a518c8de2631d6019e93295499db15cf46d973",
                "sha256:78d4142116d6d910f1c195f3253b6209f21bb1b06fb6c6ebf90cbf80518c4071",
                "sha256:82bc20e554fe9175e6ae53db74c3f094c4d752a55e3b363b93ff93d87a868cb7",
                "sha256:8becbccb58b7b37ce2aa5f387f298914ec520747f11edfbc31347bd2ba7e3481",
                "sha256:903396921ad52c63c423683a141391e28edb8b6dfbd2388a6848b052a9e23863",
                "sha256:9a5667eb4bc9ed805d1a06ca8b5ff7ee25df666b05cbb8f58f9ac16cac243d0b",
                "sha256:9f672a8b5972a2db3284f8c0324dcaaeceedead9b4e5c836e93092b599f2dbf0",
                "sha256:a08c60335a4b1c6348d5be176f379f7b69f2021d1ebaafb11586007f6268a423",
                "sha256:a122c9e30e49bbd8c5c423e3ea2bcff5deb8a2c504d88cbfc3c21b036295bbf3",
                "sha256:a6bf56c1f6d13b0e22db604c73fba6feca088fe7f6aa978cc215f83e2005d765",
                "sha256:a9c1a2538cd120283e7137ac97ce27ebdfcb675730c5055d6332b0043f4e5a55",
                "sha256:aacc9b646e142e7d32b88f0dccc6ab28f669ecf3ccc7212a274b99c83e228ef1",
                "sha256:ae0403befca6a9088be702c1d94fc1b17c333cd84a43328c973d223991c41936",
                "sha256:b3b939780963164086fc256436c1bf9301d4c5c99026e2c281b21237234aaa2c",
                "sha256:b6282855f9193f4e7ae07c2d138b583d487d0e66add62eda7013365815188ce9",
                "sha256:bb3f19af1949cbf93b17021c8c61e14e697c3f5c8923134b085dcef9d271b699",
                "sha256:be124527bfc30869e8a17915e1e960150757553d58c98e56c598fbb85697e32e",
                "sha256:c66de369d459f081a1860c58c6218da5e30a4c5d07277526f66f6c0b0efe742f",
                "sha256:c756d00b728f0d5ec65519d9005389fea519b2ad3aef0896c49ce80e6da8b547",
                "sha256:c7953352bc27ac5fbf79d43ef7bf576ad06fa06c0ae0d6ad7c36b14cd596d565",
                "sha256:cb81aa36a171ed1c28d615577ab5feae8e0b8e48818833663b446dd2bb8b53cd",
                "sha256:cc375f5cea8635597c21ff6bc61486ebe5dca5e662982c9e2b58a9106f92b56e",
                "sha256:d349cfc776f8859c2f99ff916e307555f5615ffabfbd6162f3822f21aa1e22ed",
                "sha256:dbc23ece1b111a10eb6d2475a7726b70418303d2e05078d223e7f97b286745a7",
                "sha256:e3158d2824391c52020d67e629d2586af774b543a75dc9f64eb830991ac2776e",
                "sha256:e5b4ba4939c2ab6550ecef1ccd7b00537de7a7e18a8f03bce0fc4786111b4d47",
                "sha256:e6d72517fa7370841981770c3802e7a8ca7e94ead1fba9981349fbe8e539f7eb",
                "sha256:e6e6089393646c1ef865484c27871d52ead69641dce5b53cbae2096cec615151",
                "sha256:e83d61f9a247344c701147934f203117c3064c982d35396565a6ca8356bc0ea9",
                "sha256:e9d7af8f668d2880fff8539188694e75e0b91d37174672a59dc5c5a0fea9f60d",
                "sha256:ebf21c07353d313421212e8ac0b21b6161c81aa71a12471b58629e38c784a751",
                "sha256:eebe522043450e8cf83ab7be2fc0268dfe702de586970d752cb012d6ce72309f",
                "sha256:f1ee136a8648cd76b44afdff99096823e68be90d02188d30e2ccd00b58e9b353",
                "sha256:f648d58915eb339329741296599fb25bc2a76474e64bdfeae4423ae83b312fb8",
                "sha256:fd09c310c54c6861e1488fcd30ceffa5dcd6c2dfe9f8409f47a8266fdc698547"
            ],
            "markers": "python_version >= '2.7' and python_version not in '3.0, 3.1, 3.2, 3.3'",
            "version": "==3.11.1"
        },
        "python-dateutil": {
            "hashes": [
                "sha256:73ebfe9dbf22e832286dafa60473e4cd239f8592f699aa5adaf10050e6e1823c",
                "sha256:75bb3f31ea686f1197762692a9ee6a7550b59fc6ca3a1f4b5d7e32fb98e2da2a"
            ],
            "markers": "python_version >= '2.7' and python_version not in '3.0, 3.1, 3.2, 3.3'",
            "version": "==2.8.1"
        },
        "python-dotenv": {
            "hashes": [
                "sha256:0c8d1b80d1a1e91717ea7d526178e3882732420b03f08afea0406db6402e220e",
                "sha256:587825ed60b1711daea4832cf37524dfd404325b7db5e25ebe88c495c9f807a0"
            ],
            "index": "pypi",
            "version": "==0.15.0"
        },
        "pytz": {
            "hashes": [
                "sha256:3e6b7dd2d1e0a59084bcee14a17af60c5c562cdc16d828e8eba2e683d3a7e268",
                "sha256:5c55e189b682d420be27c6995ba6edce0c0a77dd67bfbe2ae6607134d5851ffd"
            ],
            "version": "==2020.4"
        },
        "rx": {
            "hashes": [
                "sha256:13a1d8d9e252625c173dc795471e614eadfe1cf40ffc684e08b8fff0d9748c23",
                "sha256:7357592bc7e881a95e0c2013b73326f704953301ab551fbc8133a6fadab84105"
            ],
            "version": "==1.6.1"
        },
        "singledispatch": {
            "hashes": [
                "sha256:5b06af87df13818d14f08a028e42f566640aef80805c3b50c5056b086e3c2b9c",
                "sha256:833b46966687b3de7f438c761ac475213e53b306740f1abfaa86e1d1aae56aa8"
            ],
            "version": "==3.4.0.3"
        },
        "six": {
            "hashes": [
                "sha256:30639c035cdb23534cd4aa2dd52c3bf48f06e5f4a941509c8bafd8ce11080259",
                "sha256:8b74bedcbbbaca38ff6d7491d76f2b06b3592611af620f8426e82dddb04a5ced"
            ],
            "markers": "python_version >= '2.7' and python_version not in '3.0, 3.1, 3.2, 3.3'",
            "version": "==1.15.0"
        },
        "sqlparse": {
            "hashes": [
                "sha256:ce028444cfab83be538752a2ffdb56bc417b7784ff35bb9a3062413717807dec",
                "sha256:d9cf190f51cbb26da0412247dfe4fb5f4098edb73db84e02f9fc21fdca31fed4"
            ],
            "markers": "python_version >= '3.5'",
            "version": "==0.2.4"
        },
        "unidecode": {
            "hashes": [
                "sha256:1d7a042116536098d05d599ef2b8616759f02985c85b4fef50c78a5aaf10822a",
                "sha256:2b6aab710c2a1647e928e36d69c21e76b453cd455f4e2621000e54b2a9b8cce8"
            ],
            "version": "==1.1.1"
        }
    },
    "develop": {}
}
